# This file is automatically @generated by Cargo.
# It is not intended for manual editing.
version = 3

[[package]]
name = "challenges"
version = "0.1.0"
dependencies = [
 "file-reader",
 "util",
]

[[package]]
name = "cli"
version = "0.1.0"
dependencies = [
 "challenges",
]

[[package]]
name = "file-reader"
version = "0.1.0"
dependencies = [
 "util",
]

[[package]]
name = "util"
version = "0.1.0"
